
Microsoft Visual Studio Solution File, Format Version 12.00
# Visual Studio Version 16
VisualStudioVersion = 16.0.30413.136
MinimumVisualStudioVersion = 10.0.40219.1
Project("{FAE04EC0-301F-11D3-BF4B-00C04F79EFBC}") = "PROACCII", "PROACCII\PROACCII.csproj", "{6FF50E28-7BF5-4490-9214-D24CC72BA318}"
EndProject
Project("{FAE04EC0-301F-11D3-BF4B-00C04F79EFBC}") = "PROACCII_DB", "PROACCII_DB\PROACCII_DB.csproj", "{B97F5580-0999-4CBB-9AE8-217F03F0A98B}"
EndProject
Global
	GlobalSection(SolutionConfigurationPlatforms) = preSolution
		Debug|Any CPU = Debug|Any CPU
		Release|Any CPU = Release|Any CPU
	EndGlobalSection
	GlobalSection(ProjectConfigurationPlatforms) = postSolution
		{6FF50E28-7BF5-4490-9214-D24CC72BA318}.Debug|Any CPU.ActiveCfg = Debug|Any CPU
		{6FF50E28-7BF5-4490-9214-D24CC72BA318}.Debug|Any CPU.Build.0 = Debug|Any CPU
		{6FF50E28-7BF5-4490-9214-D24CC72BA318}.Release|Any CPU.ActiveCfg = Release|Any CPU
		{6FF50E28-7BF5-4490-9214-D24CC72BA318}.Release|Any CPU.Build.0 = Release|Any CPU
		{B97F5580-0999-4CBB-9AE8-217F03F0A98B}.Debug|Any CPU.ActiveCfg = Debug|Any CPU
		{B97F5580-0999-4CBB-9AE8-217F03F0A98B}.Debug|Any CPU.Build.0 = Debug|Any CPU
		{B97F5580-0999-4CBB-9AE8-217F03F0A98B}.Release|Any CPU.ActiveCfg = Release|Any CPU
		{B97F5580-0999-4CBB-9AE8-217F03F0A98B}.Release|Any CPU.Build.0 = Release|Any CPU
	EndGlobalSection
	GlobalSection(SolutionProperties) = preSolution
		HideSolutionNode = FALSE
	EndGlobalSection
	GlobalSection(ExtensibilityGlobals) = postSolution
		SolutionGuid = {109E8413-8CBA-44F4-AF68-9DDF64465A81}
	EndGlobalSection
EndGlobal
